
Microsoft Visual Studio Solution File, Format Version 12.00
# Visual Studio Version 16
VisualStudioVersion = 16.0.30804.86
MinimumVisualStudioVersion = 10.0.40219.1
Project("{9A19103F-16F7-4668-BE54-9A1E7A4F7556}") = "LeetCode.Problems", "LeetCode.Problems\LeetCode.Problems.csproj", "{3A786FBD-9C8B-4997-AE59-4C9BDD045051}"
EndProject
Global
	GlobalSection(SolutionConfigurationPlatforms) = preSolution
		Debug|Any CPU = Debug|Any CPU
		Release|Any CPU = Release|Any CPU
	EndGlobalSection
	GlobalSection(ProjectConfigurationPlatforms) = postSolution
		{3A786FBD-9C8B-4997-AE59-4C9BDD045051}.Debug|Any CPU.ActiveCfg = Debug|Any CPU
		{3A786FBD-9C8B-4997-AE59-4C9BDD045051}.Debug|Any CPU.Build.0 = Debug|Any CPU
		{3A786FBD-9C8B-4997-AE59-4C9BDD045051}.Release|Any CPU.ActiveCfg = Release|Any CPU
		{3A786FBD-9C8B-4997-AE59-4C9BDD045051}.Release|Any CPU.Build.0 = Release|Any CPU
	EndGlobalSection
	GlobalSection(SolutionProperties) = preSolution
		HideSolutionNode = FALSE
	EndGlobalSection
	GlobalSection(ExtensibilityGlobals) = postSolution
		SolutionGuid = {85C4F8C9-328F-42C8-93A3-A536AF3A3E77}
	EndGlobalSection
EndGlobal
